
Microsoft Visual Studio Solution File, Format Version 12.00
# Visual Studio Version 17
VisualStudioVersion = 17.7.34031.279
MinimumVisualStudioVersion = 10.0.40219.1
Project("{FAE04EC0-301F-11D3-BF4B-00C04F79EFBC}") = "pr33savichev", "pr33savichev.csproj", "{FF9E5597-3190-4C8F-AF9F-BD36432CBECD}"
EndProject
Global
	GlobalSection(SolutionConfigurationPlatforms) = preSolution
		Debug|Any CPU = Debug|Any CPU
		Release|Any CPU = Release|Any CPU
	EndGlobalSection
	GlobalSection(ProjectConfigurationPlatforms) = postSolution
		{FF9E5597-3190-4C8F-AF9F-BD36432CBECD}.Debug|Any CPU.ActiveCfg = Debug|Any CPU
		{FF9E5597-3190-4C8F-AF9F-BD36432CBECD}.Debug|Any CPU.Build.0 = Debug|Any CPU
		{FF9E5597-3190-4C8F-AF9F-BD36432CBECD}.Release|Any CPU.ActiveCfg = Release|Any CPU
		{FF9E5597-3190-4C8F-AF9F-BD36432CBECD}.Release|Any CPU.Build.0 = Release|Any CPU
	EndGlobalSection
	GlobalSection(SolutionProperties) = preSolution
		HideSolutionNode = FALSE
	EndGlobalSection
	GlobalSection(ExtensibilityGlobals) = postSolution
		SolutionGuid = {994599A8-1BEC-45CA-8945-2F990A28BEA8}
	EndGlobalSection
EndGlobal
